
Microsoft Visual Studio Solution File, Format Version 12.00
# Visual Studio 2013
VisualStudioVersion = 12.0.21005.1
MinimumVisualStudioVersion = 10.0.40219.1
Project("{FAE04EC0-301F-11D3-BF4B-00C04F79EFBC}") = "Dm.Framework", "Dm.Framework\Dm.Framework.csproj", "{8323139D-8608-4F45-95D3-FF1C7A8A09D5}"
EndProject
Project("{FAE04EC0-301F-11D3-BF4B-00C04F79EFBC}") = "Dm.Core", "Dm.Core\Dm.Core.csproj", "{2B6DD2FA-653C-4BFE-A5E1-5F9376ABC38A}"
EndProject
Global
	GlobalSection(SolutionConfigurationPlatforms) = preSolution
		Debug|Any CPU = Debug|Any CPU
		Release|Any CPU = Release|Any CPU
	EndGlobalSection
	GlobalSection(ProjectConfigurationPlatforms) = postSolution
		{8323139D-8608-4F45-95D3-FF1C7A8A09D5}.Debug|Any CPU.ActiveCfg = Debug|Any CPU
		{8323139D-8608-4F45-95D3-FF1C7A8A09D5}.Debug|Any CPU.Build.0 = Debug|Any CPU
		{8323139D-8608-4F45-95D3-FF1C7A8A09D5}.Release|Any CPU.ActiveCfg = Release|Any CPU
		{8323139D-8608-4F45-95D3-FF1C7A8A09D5}.Release|Any CPU.Build.0 = Release|Any CPU
		{2B6DD2FA-653C-4BFE-A5E1-5F9376ABC38A}.Debug|Any CPU.ActiveCfg = Debug|Any CPU
		{2B6DD2FA-653C-4BFE-A5E1-5F9376ABC38A}.Debug|Any CPU.Build.0 = Debug|Any CPU
		{2B6DD2FA-653C-4BFE-A5E1-5F9376ABC38A}.Release|Any CPU.ActiveCfg = Release|Any CPU
		{2B6DD2FA-653C-4BFE-A5E1-5F9376ABC38A}.Release|Any CPU.Build.0 = Release|Any CPU
	EndGlobalSection
	GlobalSection(SolutionProperties) = preSolution
		HideSolutionNode = FALSE
	EndGlobalSection
EndGlobal
